# THIS IS AN AUTOGENERATED FILE. DO NOT EDIT THIS FILE DIRECTLY.
# yarn lockfile v1


accepts@1.3.3:
  version "1.3.3"
  resolved "http://registry.npm.taobao.org/accepts/download/accepts-1.3.3.tgz#c3ca7434938648c3e0d9c1e328dd68b622c284ca"
  dependencies:
    mime-types "~2.1.11"
    negotiator "0.6.1"

after@0.8.2:
  version "0.8.2"
  resolved "http://registry.npm.taobao.org/after/download/after-0.8.2.tgz#fedb394f9f0e02aa9768e702bda23b505fae7e1f"

ansi-regex@^2.0.0:
  version "2.1.1"
  resolved "http://registry.npm.taobao.org/ansi-regex/download/ansi-regex-2.1.1.tgz#c3b33ab5ee360d86e0e628f0468ae7ef27d654df"

ansi-styles@^2.2.1:
  version "2.2.1"
  resolved "http://registry.npm.taobao.org/ansi-styles/download/ansi-styles-2.2.1.tgz#b432dd3358b634cf75e1e4664368240533c1ddbe"

ansi-to-html@^0.3.0:
  version "0.3.0"
  resolved "http://registry.npm.taobao.org/ansi-to-html/download/ansi-to-html-0.3.0.tgz#233cbe5cb3cf3126f64326fabfbe6c1f4854809f"
  dependencies:
    entities "^1.1.1"

anymatch@^1.1.0:
  version "1.3.0"
  resolved "http://registry.npm.taobao.org/anymatch/download/anymatch-1.3.0.tgz#a3e52fa39168c825ff57b0248126ce5a8ff95507"
  dependencies:
    arrify "^1.0.0"
    micromatch "^2.1.5"

arr-diff@^2.0.0:
  version "2.0.0"
  resolved "http://registry.npm.taobao.org/arr-diff/download/arr-diff-2.0.0.tgz#8f3b827f955a8bd669697e4a4256ac3ceae356cf"
  dependencies:
    arr-flatten "^1.0.1"

arr-flatten@^1.0.1:
  version "1.0.3"
  resolved "http://registry.npm.taobao.org/arr-flatten/download/arr-flatten-1.0.3.tgz#a274ed85ac08849b6bd7847c4580745dc51adfb1"

array-unique@^0.2.1:
  version "0.2.1"
  resolved "http://registry.npm.taobao.org/array-unique/download/array-unique-0.2.1.tgz#a1d97ccafcbc2625cc70fadceb36a50c58b01a53"

arraybuffer.slice@0.0.6:
  version "0.0.6"
  resolved "http://registry.npm.taobao.org/arraybuffer.slice/download/arraybuffer.slice-0.0.6.tgz#f33b2159f0532a3f3107a272c0ccfbd1ad2979ca"

arrify@^1.0.0:
  version "1.0.1"
  resolved "http://registry.npm.taobao.org/arrify/download/arrify-1.0.1.tgz#898508da2226f380df904728456849c1501a4b0d"

async-each@^0.1.5:
  version "0.1.6"
  resolved "http://registry.npm.taobao.org/async-each/download/async-each-0.1.6.tgz#b67e99edcddf96541e44af56290cd7d5c6e70439"

backo2@1.0.2:
  version "1.0.2"
  resolved "http://registry.npm.taobao.org/backo2/download/backo2-1.0.2.tgz#31ab1ac8b129363463e35b3ebb69f4dfcfba7947"

balanced-match@^0.4.1:
  version "0.4.2"
  resolved "http://registry.npm.taobao.org/balanced-match/download/balanced-match-0.4.2.tgz#cb3f3e3c732dc0f01ee70b403f302e61d7709838"

base64-arraybuffer@0.1.5:
  version "0.1.5"
  resolved "http://registry.npm.taobao.org/base64-arraybuffer/download/base64-arraybuffer-0.1.5.tgz#73926771923b5a19747ad666aa5cd4bf9c6e9ce8"

base64id@1.0.0:
  version "1.0.0"
  resolved "http://registry.npm.taobao.org/base64id/download/base64id-1.0.0.tgz#47688cb99bb6804f0e06d3e763b1c32e57d8e6b6"

better-assert@~1.0.0:
  version "1.0.2"
  resolved "http://registry.npm.taobao.org/better-assert/download/better-assert-1.0.2.tgz#40866b9e1b9e0b55b481894311e68faffaebc522"
  dependencies:
    callsite "1.0.0"

binary-extensions@^1.0.0:
  version "1.8.0"
  resolved "http://registry.npm.taobao.org/binary-extensions/download/binary-extensions-1.8.0.tgz#48ec8d16df4377eae5fa5884682480af4d95c774"

bindings@1.2.x, bindings@~1.2.1:
  version "1.2.1"
  resolved "http://registry.npm.taobao.org/bindings/download/bindings-1.2.1.tgz#14ad6113812d2d37d72e67b4cacb4bb726505f11"

blob@0.0.4:
  version "0.0.4"
  resolved "http://registry.npm.taobao.org/blob/download/blob-0.0.4.tgz#bcf13052ca54463f30f9fc7e95b9a47630a94921"

block-stream@*:
  version "0.0.9"
  resolved "http://registry.npm.taobao.org/block-stream/download/block-stream-0.0.9.tgz#13ebfe778a03205cfe03751481ebb4b3300c126a"
  dependencies:
    inherits "~2.0.0"

brace-expansion@^1.0.0:
  version "1.1.7"
  resolved "http://registry.npm.taobao.org/brace-expansion/download/brace-expansion-1.1.7.tgz#3effc3c50e000531fb720eaff80f0ae8ef23cf59"
  dependencies:
    balanced-match "^0.4.1"
    concat-map "0.0.1"

braces@^1.8.2:
  version "1.8.5"
  resolved "http://registry.npm.taobao.org/braces/download/braces-1.8.5.tgz#ba77962e12dff969d6b76711e914b737857bf6a7"
  dependencies:
    expand-range "^1.8.1"
    preserve "^0.2.0"
    repeat-element "^1.1.2"

buffer-crc32@~0.2.3:
  version "0.2.13"
  resolved "http://registry.npm.taobao.org/buffer-crc32/download/buffer-crc32-0.2.13.tgz#0d333e3f00eac50aa1454abd30ef8c2a5d9a7242"

bufferutil@1.2.x:
  version "1.2.1"
  resolved "http://registry.npm.taobao.org/bufferutil/download/bufferutil-1.2.1.tgz#37be5d36e1e06492221e68d474b1ac58e510cbd7"
  dependencies:
    bindings "1.2.x"
    nan "^2.0.5"

callsite@1.0.0:
  version "1.0.0"
  resolved "http://registry.npm.taobao.org/callsite/download/callsite-1.0.0.tgz#280398e5d664bd74038b6f0905153e6e8af1bc20"

chalk@^1.0.0:
  version "1.1.3"
  resolved "http://registry.npm.taobao.org/chalk/download/chalk-1.1.3.tgz#a8115c55e4a702fe4d150abd3872822a7e09fc98"
  dependencies:
    ansi-styles "^2.2.1"
    escape-string-regexp "^1.0.2"
    has-ansi "^2.0.0"
    strip-ansi "^3.0.0"
    supports-color "^2.0.0"

chokidar@1.0.5:
  version "1.0.5"
  resolved "http://registry.npm.taobao.org/chokidar/download/chokidar-1.0.5.tgz#f29278a36e174365da56ccad488ecacce4893494"
  dependencies:
    anymatch "^1.1.0"
    arrify "^1.0.0"
    async-each "^0.1.5"
    glob-parent "^1.0.0"
    is-binary-path "^1.0.0"
    is-glob "^1.1.3"
    path-is-absolute "^1.0.0"
    readdirp "^1.3.0"
  optionalDependencies:
    fsevents "^0.3.1"

colors@0.x.x:
  version "0.6.2"
  resolved "http://registry.npm.taobao.org/colors/download/colors-0.6.2.tgz#2423fe6678ac0c5dae8852e5d0e5be08c997abcc"

commander@^2.8.1:
  version "2.9.0"
  resolved "http://registry.npm.taobao.org/commander/download/commander-2.9.0.tgz#9c99094176e12240cb22d6c5146098400fe0f7d4"
  dependencies:
    graceful-readlink ">= 1.0.0"

commander@~2.3.0:
  version "2.3.0"
  resolved "http://registry.npm.taobao.org/commander/download/commander-2.3.0.tgz#fd430e889832ec353b9acd1de217c11cb3eef873"

component-bind@1.0.0:
  version "1.0.0"
  resolved "http://registry.npm.taobao.org/component-bind/download/component-bind-1.0.0.tgz#00c608ab7dcd93897c0009651b1d3a8e1e73bbd1"

component-emitter@1.1.2:
  version "1.1.2"
  resolved "http://registry.npm.taobao.org/component-emitter/download/component-emitter-1.1.2.tgz#296594f2753daa63996d2af08d15a95116c9aec3"

component-emitter@1.2.1:
  version "1.2.1"
  resolved "http://registry.npm.taobao.org/component-emitter/download/component-emitter-1.2.1.tgz#137918d6d78283f7df7a6b7c5a63e140e69425e6"

component-inherit@0.0.3:
  version "0.0.3"
  resolved "http://registry.npm.taobao.org/component-inherit/download/component-inherit-0.0.3.tgz#645fc4adf58b72b649d5cae65135619db26ff143"

concat-map@0.0.1:
  version "0.0.1"
  resolved "http://registry.npm.taobao.org/concat-map/download/concat-map-0.0.1.tgz#d8a96bd77fd68df7793a73036a3ba0d5405d477b"

cookie@0.3.1:
  version "0.3.1"
  resolved "http://registry.npm.taobao.org/cookie/download/cookie-0.3.1.tgz#e7e0a1f9ef43b4c8ba925c5c5a96e806d16873bb"

core-util-is@~1.0.0:
  version "1.0.2"
  resolved "http://registry.npm.taobao.org/core-util-is/download/core-util-is-1.0.2.tgz#b5fd54220aa2bc5ab57aab7140c940754503c1a7"

crc@3.0.0:
  version "3.0.0"
  resolved "http://registry.npm.taobao.org/crc/download/crc-3.0.0.tgz#d11e97ec44a844e5eb15a74fa2c7875d0aac4b22"

debug@2.2.0:
  version "2.2.0"
  resolved "http://registry.npm.taobao.org/debug/download/debug-2.2.0.tgz#f87057e995b1a1f6ae6a4960664137bc56f039da"
  dependencies:
    ms "0.7.1"

debug@2.3.3:
  version "2.3.3"
  resolved "http://registry.npm.taobao.org/debug/download/debug-2.3.3.tgz#40c453e67e6e13c901ddec317af8986cda9eff8c"
  dependencies:
    ms "0.7.2"

debug@~0.7.0:
  version "0.7.4"
  resolved "http://registry.npm.taobao.org/debug/download/debug-0.7.4.tgz#06e1ea8082c2cb14e39806e22e2f6f757f92af39"

debug@~2.0.0:
  version "2.0.0"
  resolved "http://registry.npm.taobao.org/debug/download/debug-2.0.0.tgz#89bd9df6732b51256bc6705342bba02ed12131ef"
  dependencies:
    ms "0.6.2"

depd@0.4.5:
  version "0.4.5"
  resolved "http://registry.npm.taobao.org/depd/download/depd-0.4.5.tgz#1a664b53388b4a6573e8ae67b5f767c693ca97f1"

destroy@1.0.3:
  version "1.0.3"
  resolved "http://registry.npm.taobao.org/destroy/download/destroy-1.0.3.tgz#b433b4724e71fd8551d9885174851c5fc377e2c9"

ee-first@1.0.5:
  version "1.0.5"
  resolved "http://registry.npm.taobao.org/ee-first/download/ee-first-1.0.5.tgz#8c9b212898d8cd9f1a9436650ce7be202c9e9ff0"

engine.io-client@1.8.3:
  version "1.8.3"
  resolved "http://registry.npm.taobao.org/engine.io-client/download/engine.io-client-1.8.3.tgz#1798ed93451246453d4c6f635d7a201fe940d5ab"
  dependencies:
    component-emitter "1.2.1"
    component-inherit "0.0.3"
    debug "2.3.3"
    engine.io-parser "1.3.2"
    has-cors "1.1.0"
    indexof "0.0.1"
    parsejson "0.0.3"
    parseqs "0.0.5"
    parseuri "0.0.5"
    ws "1.1.2"
    xmlhttprequest-ssl "1.5.3"
    yeast "0.1.2"

engine.io-parser@1.3.2:
  version "1.3.2"
  resolved "http://registry.npm.taobao.org/engine.io-parser/download/engine.io-parser-1.3.2.tgz#937b079f0007d0893ec56d46cb220b8cb435220a"
  dependencies:
    after "0.8.2"
    arraybuffer.slice "0.0.6"
    base64-arraybuffer "0.1.5"
    blob "0.0.4"
    has-binary "0.1.7"
    wtf-8 "1.0.0"

engine.io@1.8.3:
  version "1.8.3"
  resolved "http://registry.npm.taobao.org/engine.io/download/engine.io-1.8.3.tgz#8de7f97895d20d39b85f88eeee777b2bd42b13d4"
  dependencies:
    accepts "1.3.3"
    base64id "1.0.0"
    cookie "0.3.1"
    debug "2.3.3"
    engine.io-parser "1.3.2"
    ws "1.1.2"

entities@^1.1.1:
  version "1.1.1"
  resolved "http://registry.npm.taobao.org/entities/download/entities-1.1.1.tgz#6e5c2d0a5621b5dadaecef80b90edfb5cd7772f0"

escape-html@1.0.1:
  version "1.0.1"
  resolved "http://registry.npm.taobao.org/escape-html/download/escape-html-1.0.1.tgz#181a286ead397a39a92857cfb1d43052e356bff0"

escape-string-regexp@^1.0.2:
  version "1.0.5"
  resolved "http://registry.npm.taobao.org/escape-string-regexp/download/escape-string-regexp-1.0.5.tgz#1b61c0562190a8dff6ae3bb2cf0200ca130b86d4"

etag@~1.4.0:
  version "1.4.0"
  resolved "http://registry.npm.taobao.org/etag/download/etag-1.4.0.tgz#3050991615857707c04119d075ba2088e0701225"
  dependencies:
    crc "3.0.0"

expand-brackets@^0.1.4:
  version "0.1.5"
  resolved "http://registry.npm.taobao.org/expand-brackets/download/expand-brackets-0.1.5.tgz#df07284e342a807cd733ac5af72411e581d1177b"
  dependencies:
    is-posix-bracket "^0.1.0"

expand-range@^1.8.1:
  version "1.8.2"
  resolved "http://registry.npm.taobao.org/expand-range/download/expand-range-1.8.2.tgz#a299effd335fe2721ebae8e257ec79644fc85337"
  dependencies:
    fill-range "^2.1.0"

extglob@^0.3.1:
  version "0.3.2"
  resolved "http://registry.npm.taobao.org/extglob/download/extglob-0.3.2.tgz#2e18ff3d2f49ab2765cec9023f011daa8d8349a1"
  dependencies:
    is-extglob "^1.0.0"

fd-slicer@~1.0.1:
  version "1.0.1"
  resolved "http://registry.npm.taobao.org/fd-slicer/download/fd-slicer-1.0.1.tgz#8b5bcbd9ec327c5041bf9ab023fd6750f1177e65"
  dependencies:
    pend "~1.2.0"

filename-regex@^2.0.0:
  version "2.0.1"
  resolved "http://registry.npm.taobao.org/filename-regex/download/filename-regex-2.0.1.tgz#c1c4b9bee3e09725ddb106b75c1e301fe2f18b26"

fill-range@^2.1.0:
  version "2.2.3"
  resolved "http://registry.npm.taobao.org/fill-range/download/fill-range-2.2.3.tgz#50b77dfd7e469bc7492470963699fe7a8485a723"
  dependencies:
    is-number "^2.1.0"
    isobject "^2.0.0"
    randomatic "^1.1.3"
    repeat-element "^1.1.2"
    repeat-string "^1.5.2"

for-in@^1.0.1:
  version "1.0.2"
  resolved "http://registry.npm.taobao.org/for-in/download/for-in-1.0.2.tgz#81068d295a8142ec0ac726c6e2200c30fb6d5e80"

for-own@^0.1.4:
  version "0.1.5"
  resolved "http://registry.npm.taobao.org/for-own/download/for-own-0.1.5.tgz#5265c681a4f294dabbf17c9509b6763aa84510ce"
  dependencies:
    for-in "^1.0.1"

fresh@0.2.4:
  version "0.2.4"
  resolved "http://registry.npm.taobao.org/fresh/download/fresh-0.2.4.tgz#3582499206c9723714190edd74b4604feb4a614c"

fs.realpath@^1.0.0:
  version "1.0.0"
  resolved "http://registry.npm.taobao.org/fs.realpath/download/fs.realpath-1.0.0.tgz#1504ad2523158caa40db4a2787cb01411994ea4f"

fsevents@^0.3.1:
  version "0.3.8"
  resolved "http://registry.npm.taobao.org/fsevents/download/fsevents-0.3.8.tgz#9992f1032c925c829554d0d59801dca0313a5356"
  dependencies:
    nan "^2.0.2"

"fsmonitor@~ 0.2.4":
  version "0.2.4"
  resolved "http://registry.npm.taobao.org/fsmonitor/download/fsmonitor-0.2.4.tgz#cfcc5bc9f95eef05eb619690240871a7bc7ee826"
  dependencies:
    debug "~0.7.0"
    pathspec "~0.9.2"

fstream@^1.0.2:
  version "1.0.11"
  resolved "http://registry.npm.taobao.org/fstream/download/fstream-1.0.11.tgz#5c1fb1f117477114f0632a0eb4b71b3cb0fd3171"
  dependencies:
    graceful-fs "^4.1.2"
    inherits "~2.0.0"
    mkdirp ">=0.5 0"
    rimraf "2"

glob-base@^0.3.0:
  version "0.3.0"
  resolved "http://registry.npm.taobao.org/glob-base/download/glob-base-0.3.0.tgz#dbb164f6221b1c0b1ccf82aea328b497df0ea3c4"
  dependencies:
    glob-parent "^2.0.0"
    is-glob "^2.0.0"

glob-parent@^1.0.0:
  version "1.3.0"
  resolved "http://registry.npm.taobao.org/glob-parent/download/glob-parent-1.3.0.tgz#971edd816ed5db58705b58079647a64d0aef7968"
  dependencies:
    is-glob "^2.0.0"

glob-parent@^2.0.0:
  version "2.0.0"
  resolved "http://registry.npm.taobao.org/glob-parent/download/glob-parent-2.0.0.tgz#81383d72db054fcccf5336daa902f182f6edbb28"
  dependencies:
    is-glob "^2.0.0"

glob@^7.0.5:
  version "7.1.1"
  resolved "http://registry.npm.taobao.org/glob/download/glob-7.1.1.tgz#805211df04faaf1c63a3600306cdf5ade50b2ec8"
  dependencies:
    fs.realpath "^1.0.0"
    inflight "^1.0.4"
    inherits "2"
    minimatch "^3.0.2"
    once "^1.3.0"
    path-is-absolute "^1.0.0"

graceful-fs@^4.1.2, graceful-fs@~4.1.2:
  version "4.1.11"
  resolved "http://registry.npm.taobao.org/graceful-fs/download/graceful-fs-4.1.11.tgz#0e8bdfe4d1ddb8854d64e04ea7c00e2a026e5658"

"graceful-readlink@>= 1.0.0":
  version "1.0.1"
  resolved "http://registry.npm.taobao.org/graceful-readlink/download/graceful-readlink-1.0.1.tgz#4cafad76bc62f02fa039b2f94e9a3dd3a391a725"

has-ansi@^2.0.0:
  version "2.0.0"
  resolved "http://registry.npm.taobao.org/has-ansi/download/has-ansi-2.0.0.tgz#34f5049ce1ecdf2b0649af3ef24e45ed35416d91"
  dependencies:
    ansi-regex "^2.0.0"

has-binary@0.1.7:
  version "0.1.7"
  resolved "http://registry.npm.taobao.org/has-binary/download/has-binary-0.1.7.tgz#68e61eb16210c9545a0a5cce06a873912fe1e68c"
  dependencies:
    isarray "0.0.1"

has-cors@1.1.0:
  version "1.1.0"
  resolved "http://registry.npm.taobao.org/has-cors/download/has-cors-1.1.0.tgz#5e474793f7ea9843d1bb99c23eef49ff126fff39"

haxe-watchify@^1.3.0:
  version "1.3.0"
  resolved "http://registry.npm.taobao.org/haxe-watchify/download/haxe-watchify-1.3.0.tgz#68a11d0a21a74318c014a3ec71b83dfd3c2299b2"
  dependencies:
    ansi-to-html "^0.3.0"
    chalk "^1.0.0"
    chokidar "1.0.5"
    commander "^2.8.1"
    livereloadx "^0.3.8"
    socket.io "^1.3.6"

haxeshim@^0.8.2:
  version "0.8.2"
  resolved "http://registry.npm.taobao.org/haxeshim/download/haxeshim-0.8.2.tgz#e3bdc4b6745cdfed6a4fb82b59287395e5f33c3f"

"http-proxy@~ 0.8.7":
  version "0.8.7"
  resolved "http://registry.npm.taobao.org/http-proxy/download/http-proxy-0.8.7.tgz#a7bc538618092cd26ed191e4625933baef6de80e"
  dependencies:
    colors "0.x.x"
    optimist "0.3.x"
    pkginfo "0.2.x"

indexof@0.0.1:
  version "0.0.1"
  resolved "http://registry.npm.taobao.org/indexof/download/indexof-0.0.1.tgz#82dc336d232b9062179d05ab3293a66059fd435d"

inflight@^1.0.4:
  version "1.0.6"
  resolved "http://registry.npm.taobao.org/inflight/download/inflight-1.0.6.tgz#49bd6331d7d02d0c09bc910a1075ba8165b56df9"
  dependencies:
    once "^1.3.0"
    wrappy "1"

inherits@2, inherits@~2.0.0, inherits@~2.0.1:
  version "2.0.3"
  resolved "http://registry.npm.taobao.org/inherits/download/inherits-2.0.3.tgz#633c2c83e3da42a502f52466022480f4208261de"

is-binary-path@^1.0.0:
  version "1.0.1"
  resolved "http://registry.npm.taobao.org/is-binary-path/download/is-binary-path-1.0.1.tgz#75f16642b480f187a711c814161fd3a4a7655898"
  dependencies:
    binary-extensions "^1.0.0"

is-buffer@^1.1.5:
  version "1.1.5"
  resolved "http://registry.npm.taobao.org/is-buffer/download/is-buffer-1.1.5.tgz#1f3b26ef613b214b88cbca23cc6c01d87961eecc"

is-dotfile@^1.0.0:
  version "1.0.2"
  resolved "http://registry.npm.taobao.org/is-dotfile/download/is-dotfile-1.0.2.tgz#2c132383f39199f8edc268ca01b9b007d205cc4d"

is-equal-shallow@^0.1.3:
  version "0.1.3"
  resolved "http://registry.npm.taobao.org/is-equal-shallow/download/is-equal-shallow-0.1.3.tgz#2238098fc221de0bcfa5d9eac4c45d638aa1c534"
  dependencies:
    is-primitive "^2.0.0"

is-extendable@^0.1.1:
  version "0.1.1"
  resolved "http://registry.npm.taobao.org/is-extendable/download/is-extendable-0.1.1.tgz#62b110e289a471418e3ec36a617d472e301dfc89"

is-extglob@^1.0.0:
  version "1.0.0"
  resolved "http://registry.npm.taobao.org/is-extglob/download/is-extglob-1.0.0.tgz#ac468177c4943405a092fc8f29760c6ffc6206c0"

is-glob@^1.1.3:
  version "1.1.3"
  resolved "http://registry.npm.taobao.org/is-glob/download/is-glob-1.1.3.tgz#b4c64b8303d39114492a460d364ccfb0d3c0a045"

is-glob@^2.0.0, is-glob@^2.0.1:
  version "2.0.1"
  resolved "http://registry.npm.taobao.org/is-glob/download/is-glob-2.0.1.tgz#d096f926a3ded5600f3fdfd91198cb0888c2d863"
  dependencies:
    is-extglob "^1.0.0"

is-number@^2.0.2, is-number@^2.1.0:
  version "2.1.0"
  resolved "http://registry.npm.taobao.org/is-number/download/is-number-2.1.0.tgz#01fcbbb393463a548f2f466cce16dece49db908f"
  dependencies:
    kind-of "^3.0.2"

is-posix-bracket@^0.1.0:
  version "0.1.1"
  resolved "http://registry.npm.taobao.org/is-posix-bracket/download/is-posix-bracket-0.1.1.tgz#3334dc79774368e92f016e6fbc0a88f5cd6e6bc4"

is-primitive@^2.0.0:
  version "2.0.0"
  resolved "http://registry.npm.taobao.org/is-primitive/download/is-primitive-2.0.0.tgz#207bab91638499c07b2adf240a41a87210034575"

isarray@0.0.1:
  version "0.0.1"
  resolved "http://registry.npm.taobao.org/isarray/download/isarray-0.0.1.tgz#8a18acfca9a8f4177e09abfc6038939b05d1eedf"

isarray@1.0.0:
  version "1.0.0"
  resolved "http://registry.npm.taobao.org/isarray/download/isarray-1.0.0.tgz#bb935d48582cba168c06834957a54a3e07124f11"

isobject@^2.0.0:
  version "2.1.0"
  resolved "http://registry.npm.taobao.org/isobject/download/isobject-2.1.0.tgz#f065561096a3f1da2ef46272f815c840d87e0c89"
  dependencies:
    isarray "1.0.0"

json3@3.3.2:
  version "3.3.2"
  resolved "http://registry.npm.taobao.org/json3/download/json3-3.3.2.tgz#3c0434743df93e2f5c42aee7b19bcb483575f4e1"

kind-of@^3.0.2:
  version "3.2.0"
  resolved "http://registry.npm.taobao.org/kind-of/download/kind-of-3.2.0.tgz#b58abe4d5c044ad33726a8c1525b48cf891bff07"
  dependencies:
    is-buffer "^1.1.5"

livereloadx@^0.3.8:
  version "0.3.9"
  resolved "http://registry.npm.taobao.org/livereloadx/download/livereloadx-0.3.9.tgz#d93eb6a0fe0882f5473a90d85c6e0bdc053ecb21"
  dependencies:
    commander "~2.3.0"
    debug "~2.0.0"
    fsmonitor "~ 0.2.4"
    http-proxy "~ 0.8.7"
    minimatch "~ 0.2.11"
    pause "~ 0.0.1"
    send "~ 0.9.3"
    ws "~ 0.8.0"

lru-cache@2:
  version "2.7.3"
  resolved "http://registry.npm.taobao.org/lru-cache/download/lru-cache-2.7.3.tgz#6d4524e8b955f95d4f5b58851ce21dd72fb4e952"

micromatch@^2.1.5:
  version "2.3.11"
  resolved "http://registry.npm.taobao.org/micromatch/download/micromatch-2.3.11.tgz#86677c97d1720b363431d04d0d15293bd38c1565"
  dependencies:
    arr-diff "^2.0.0"
    array-unique "^0.2.1"
    braces "^1.8.2"
    expand-brackets "^0.1.4"
    extglob "^0.3.1"
    filename-regex "^2.0.0"
    is-extglob "^1.0.0"
    is-glob "^2.0.1"
    kind-of "^3.0.2"
    normalize-path "^2.0.1"
    object.omit "^2.0.0"
    parse-glob "^3.0.4"
    regex-cache "^0.4.2"

mime-db@~1.27.0:
  version "1.27.0"
  resolved "http://registry.npm.taobao.org/mime-db/download/mime-db-1.27.0.tgz#820f572296bbd20ec25ed55e5b5de869e5436eb1"

mime-types@~2.1.11:
  version "2.1.15"
  resolved "http://registry.npm.taobao.org/mime-types/download/mime-types-2.1.15.tgz#a4ebf5064094569237b8cf70046776d09fc92aed"
  dependencies:
    mime-db "~1.27.0"

mime@1.2.11:
  version "1.2.11"
  resolved "http://registry.npm.taobao.org/mime/download/mime-1.2.11.tgz#58203eed86e3a5ef17aed2b7d9ebd47f0a60dd10"

minimatch@^3.0.2:
  version "3.0.3"
  resolved "http://registry.npm.taobao.org/minimatch/download/minimatch-3.0.3.tgz#2a4e4090b96b2db06a9d7df01055a62a77c9b774"
  dependencies:
    brace-expansion "^1.0.0"

"minimatch@~ 0.2.11", minimatch@~0.2.12:
  version "0.2.14"
  resolved "http://registry.npm.taobao.org/minimatch/download/minimatch-0.2.14.tgz#c74e780574f63c6f9a090e90efbe6ef53a6a756a"
  dependencies:
    lru-cache "2"
    sigmund "~1.0.0"

minimist@0.0.8:
  version "0.0.8"
  resolved "http://registry.npm.taobao.org/minimist/download/minimist-0.0.8.tgz#857fcabfc3397d2625b8228262e86aa7a011b05d"

"mkdirp@>=0.5 0":
  version "0.5.1"
  resolved "http://registry.npm.taobao.org/mkdirp/download/mkdirp-0.5.1.tgz#30057438eac6cf7f8c4767f38648d6697d75c903"
  dependencies:
    minimist "0.0.8"

ms@0.6.2:
  version "0.6.2"
  resolved "http://registry.npm.taobao.org/ms/download/ms-0.6.2.tgz#d89c2124c6fdc1353d65a8b77bf1aac4b193708c"

ms@0.7.1:
  version "0.7.1"
  resolved "http://registry.npm.taobao.org/ms/download/ms-0.7.1.tgz#9cd13c03adbff25b65effde7ce864ee952017098"

ms@0.7.2:
  version "0.7.2"
  resolved "http://registry.npm.taobao.org/ms/download/ms-0.7.2.tgz#ae25cf2512b3885a1d95d7f037868d8431124765"

nan@^2.0.2, nan@^2.0.5:
  version "2.6.2"
  resolved "http://registry.npm.taobao.org/nan/download/nan-2.6.2.tgz#e4ff34e6c95fdfb5aecc08de6596f43605a7db45"

nan@~2.4.0:
  version "2.4.0"
  resolved "http://registry.npm.taobao.org/nan/download/nan-2.4.0.tgz#fb3c59d45fe4effe215f0b890f8adf6eb32d2232"

negotiator@0.6.1:
  version "0.6.1"
  resolved "http://registry.npm.taobao.org/negotiator/download/negotiator-0.6.1.tgz#2b327184e8992101177b28563fb5e7102acd0ca9"

normalize-path@^2.0.1:
  version "2.1.1"
  resolved "http://registry.npm.taobao.org/normalize-path/download/normalize-path-2.1.1.tgz#1ab28b556e198363a8c1a6f7e6fa20137fe6aed9"
  dependencies:
    remove-trailing-separator "^1.0.1"

object-assign@4.1.0:
  version "4.1.0"
  resolved "http://registry.npm.taobao.org/object-assign/download/object-assign-4.1.0.tgz#7a3b3d0e98063d43f4c03f2e8ae6cd51a86883a0"

object-component@0.0.3:
  version "0.0.3"
  resolved "http://registry.npm.taobao.org/object-component/download/object-component-0.0.3.tgz#f0c69aa50efc95b866c186f400a33769cb2f1291"

object.omit@^2.0.0:
  version "2.0.1"
  resolved "http://registry.npm.taobao.org/object.omit/download/object.omit-2.0.1.tgz#1a9c744829f39dbb858c76ca3579ae2a54ebd1fa"
  dependencies:
    for-own "^0.1.4"
    is-extendable "^0.1.1"

on-finished@2.1.0:
  version "2.1.0"
  resolved "http://registry.npm.taobao.org/on-finished/download/on-finished-2.1.0.tgz#0c539f09291e8ffadde0c8a25850fb2cedc7022d"
  dependencies:
    ee-first "1.0.5"

once@^1.3.0:
  version "1.4.0"
  resolved "http://registry.npm.taobao.org/once/download/once-1.4.0.tgz#583b1aa775961d4b113ac17d9c50baef9dd76bd1"
  dependencies:
    wrappy "1"

optimist@0.3.x:
  version "0.3.7"
  resolved "http://registry.npm.taobao.org/optimist/download/optimist-0.3.7.tgz#c90941ad59e4273328923074d2cf2e7cbc6ec0d9"
  dependencies:
    wordwrap "~0.0.2"

options@>=0.0.5:
  version "0.0.6"
  resolved "http://registry.npm.taobao.org/options/download/options-0.0.6.tgz#ec22d312806bb53e731773e7cdaefcf1c643128f"

parse-glob@^3.0.4:
  version "3.0.4"
  resolved "http://registry.npm.taobao.org/parse-glob/download/parse-glob-3.0.4.tgz#b2c376cfb11f35513badd173ef0bb6e3a388391c"
  dependencies:
    glob-base "^0.3.0"
    is-dotfile "^1.0.0"
    is-extglob "^1.0.0"
    is-glob "^2.0.0"

parsejson@0.0.3:
  version "0.0.3"
  resolved "http://registry.npm.taobao.org/parsejson/download/parsejson-0.0.3.tgz#ab7e3759f209ece99437973f7d0f1f64ae0e64ab"
  dependencies:
    better-assert "~1.0.0"

parseqs@0.0.5:
  version "0.0.5"
  resolved "http://registry.npm.taobao.org/parseqs/download/parseqs-0.0.5.tgz#d5208a3738e46766e291ba2ea173684921a8b89d"
  dependencies:
    better-assert "~1.0.0"

parseuri@0.0.5:
  version "0.0.5"
  resolved "http://registry.npm.taobao.org/parseuri/download/parseuri-0.0.5.tgz#80204a50d4dbb779bfdc6ebe2778d90e4bce320a"
  dependencies:
    better-assert "~1.0.0"

path-is-absolute@^1.0.0:
  version "1.0.1"
  resolved "http://registry.npm.taobao.org/path-is-absolute/download/path-is-absolute-1.0.1.tgz#174b9268735534ffbc7ace6bf53a5a9e1b5c5f5f"

pathspec@~0.9.2:
  version "0.9.2"
  resolved "http://registry.npm.taobao.org/pathspec/download/pathspec-0.9.2.tgz#af232b059afcf999902cdd24f8ca60a4156a3637"

"pause@~ 0.0.1":
  version "0.0.1"
  resolved "http://registry.npm.taobao.org/pause/download/pause-0.0.1.tgz#1d408b3fdb76923b9543d96fb4c9dfd535d9cb5d"

pend@~1.2.0:
  version "1.2.0"
  resolved "http://registry.npm.taobao.org/pend/download/pend-1.2.0.tgz#7a57eb550a6783f9115331fcf4663d5c8e007a50"

pkginfo@0.2.x:
  version "0.2.3"
  resolved "http://registry.npm.taobao.org/pkginfo/download/pkginfo-0.2.3.tgz#7239c42a5ef6c30b8f328439d9b9ff71042490f8"

preserve@^0.2.0:
  version "0.2.0"
  resolved "http://registry.npm.taobao.org/preserve/download/preserve-0.2.0.tgz#815ed1f6ebc65926f865b310c0713bcb3315ce4b"

randomatic@^1.1.3:
  version "1.1.6"
  resolved "http://registry.npm.taobao.org/randomatic/download/randomatic-1.1.6.tgz#110dcabff397e9dcff7c0789ccc0a49adf1ec5bb"
  dependencies:
    is-number "^2.0.2"
    kind-of "^3.0.2"

range-parser@~1.0.2:
  version "1.0.3"
  resolved "http://registry.npm.taobao.org/range-parser/download/range-parser-1.0.3.tgz#6872823535c692e2c2a0103826afd82c2e0ff175"

readable-stream@~1.0.26-2:
  version "1.0.34"
  resolved "http://registry.npm.taobao.org/readable-stream/download/readable-stream-1.0.34.tgz#125820e34bc842d2f2aaafafe4c2916ee32c157c"
  dependencies:
    core-util-is "~1.0.0"
    inherits "~2.0.1"
    isarray "0.0.1"
    string_decoder "~0.10.x"

readdirp@^1.3.0:
  version "1.4.0"
  resolved "http://registry.npm.taobao.org/readdirp/download/readdirp-1.4.0.tgz#c5de6fcb3dec80523c1c70113f1a190d8af82c89"
  dependencies:
    graceful-fs "~4.1.2"
    minimatch "~0.2.12"
    readable-stream "~1.0.26-2"

regex-cache@^0.4.2:
  version "0.4.3"
  resolved "http://registry.npm.taobao.org/regex-cache/download/regex-cache-0.4.3.tgz#9b1a6c35d4d0dfcef5711ae651e8e9d3d7114145"
  dependencies:
    is-equal-shallow "^0.1.3"
    is-primitive "^2.0.0"

remove-trailing-separator@^1.0.1:
  version "1.0.1"
  resolved "http://registry.npm.taobao.org/remove-trailing-separator/download/remove-trailing-separator-1.0.1.tgz#615ebb96af559552d4bf4057c8436d486ab63cc4"

repeat-element@^1.1.2:
  version "1.1.2"
  resolved "http://registry.npm.taobao.org/repeat-element/download/repeat-element-1.1.2.tgz#ef089a178d1483baae4d93eb98b4f9e4e11d990a"

repeat-string@^1.5.2:
  version "1.6.1"
  resolved "http://registry.npm.taobao.org/repeat-string/download/repeat-string-1.6.1.tgz#8dcae470e1c88abc2d600fff4a776286da75e637"

rimraf@2:
  version "2.6.1"
  resolved "http://registry.npm.taobao.org/rimraf/download/rimraf-2.6.1.tgz#c2338ec643df7a1b7fe5c54fa86f57428a55f33d"
  dependencies:
    glob "^7.0.5"

"send@~ 0.9.3":
  version "0.9.3"
  resolved "http://registry.npm.taobao.org/send/download/send-0.9.3.tgz#b43a7414cd089b7fbec9b755246f7c37b7b85cc0"
  dependencies:
    debug "~2.0.0"
    depd "0.4.5"
    destroy "1.0.3"
    escape-html "1.0.1"
    etag "~1.4.0"
    fresh "0.2.4"
    mime "1.2.11"
    ms "0.6.2"
    on-finished "2.1.0"
    range-parser "~1.0.2"

sigmund@~1.0.0:
  version "1.0.1"
  resolved "http://registry.npm.taobao.org/sigmund/download/sigmund-1.0.1.tgz#3ff21f198cad2175f9f3b781853fd94d0d19b590"

socket.io-adapter@0.5.0:
  version "0.5.0"
  resolved "http://registry.npm.taobao.org/socket.io-adapter/download/socket.io-adapter-0.5.0.tgz#cb6d4bb8bec81e1078b99677f9ced0046066bb8b"
  dependencies:
    debug "2.3.3"
    socket.io-parser "2.3.1"

socket.io-client@1.7.3:
  version "1.7.3"
  resolved "http://registry.npm.taobao.org/socket.io-client/download/socket.io-client-1.7.3.tgz#b30e86aa10d5ef3546601c09cde4765e381da377"
  dependencies:
    backo2 "1.0.2"
    component-bind "1.0.0"
    component-emitter "1.2.1"
    debug "2.3.3"
    engine.io-client "1.8.3"
    has-binary "0.1.7"
    indexof "0.0.1"
    object-component "0.0.3"
    parseuri "0.0.5"
    socket.io-parser "2.3.1"
    to-array "0.1.4"

socket.io-parser@2.3.1:
  version "2.3.1"
  resolved "http://registry.npm.taobao.org/socket.io-parser/download/socket.io-parser-2.3.1.tgz#dd532025103ce429697326befd64005fcfe5b4a0"
  dependencies:
    component-emitter "1.1.2"
    debug "2.2.0"
    isarray "0.0.1"
    json3 "3.3.2"

socket.io@^1.3.6:
  version "1.7.3"
  resolved "http://registry.npm.taobao.org/socket.io/download/socket.io-1.7.3.tgz#b8af9caba00949e568e369f1327ea9be9ea2461b"
  dependencies:
    debug "2.3.3"
    engine.io "1.8.3"
    has-binary "0.1.7"
    object-assign "4.1.0"
    socket.io-adapter "0.5.0"
    socket.io-client "1.7.3"
    socket.io-parser "2.3.1"

string_decoder@~0.10.x:
  version "0.10.31"
  resolved "http://registry.npm.taobao.org/string_decoder/download/string_decoder-0.10.31.tgz#62e203bc41766c6c28c9fc84301dab1c5310fa94"

strip-ansi@^3.0.0:
  version "3.0.1"
  resolved "http://registry.npm.taobao.org/strip-ansi/download/strip-ansi-3.0.1.tgz#6a385fb8853d952d5ff05d0e8aaf94278dc63dcf"
  dependencies:
    ansi-regex "^2.0.0"

supports-color@^2.0.0:
  version "2.0.0"
  resolved "http://registry.npm.taobao.org/supports-color/download/supports-color-2.0.0.tgz#535d045ce6b6363fa40117084629995e9df324c7"

switchx@^0.11.2:
  version "0.11.2"
  resolved "http://registry.npm.taobao.org/switchx/download/switchx-0.11.2.tgz#44752d1d348ca5bdae5330728fc4e41797a18270"
  dependencies:
    tar "=2.2.1"
    yauzl "=2.6.0"

tar@=2.2.1:
  version "2.2.1"
  resolved "http://registry.npm.taobao.org/tar/download/tar-2.2.1.tgz#8e4d2a256c0e2185c6b18ad694aec968b83cb1d1"
  dependencies:
    block-stream "*"
    fstream "^1.0.2"
    inherits "2"

to-array@0.1.4:
  version "0.1.4"
  resolved "http://registry.npm.taobao.org/to-array/download/to-array-0.1.4.tgz#17e6c11f73dd4f3d74cda7a4ff3238e9ad9bf890"

ultron@1.0.x:
  version "1.0.2"
  resolved "http://registry.npm.taobao.org/ultron/download/ultron-1.0.2.tgz#ace116ab557cd197386a4e88f4685378c8b2e4fa"

utf-8-validate@1.2.x:
  version "1.2.2"
  resolved "http://registry.npm.taobao.org/utf-8-validate/download/utf-8-validate-1.2.2.tgz#8bb871a4741e085c70487ca7acdbd7d6d36029eb"
  dependencies:
    bindings "~1.2.1"
    nan "~2.4.0"

wordwrap@~0.0.2:
  version "0.0.3"
  resolved "http://registry.npm.taobao.org/wordwrap/download/wordwrap-0.0.3.tgz#a3d5da6cd5c0bc0008d37234bbaf1bed63059107"

wrappy@1:
  version "1.0.2"
  resolved "http://registry.npm.taobao.org/wrappy/download/wrappy-1.0.2.tgz#b5243d8f3ec1aa35f1364605bc0d1036e30ab69f"

ws@1.1.2:
  version "1.1.2"
  resolved "http://registry.npm.taobao.org/ws/download/ws-1.1.2.tgz#8a244fa052401e08c9886cf44a85189e1fd4067f"
  dependencies:
    options ">=0.0.5"
    ultron "1.0.x"

"ws@~ 0.8.0":
  version "0.8.1"
  resolved "http://registry.npm.taobao.org/ws/download/ws-0.8.1.tgz#6b65273b99193c5f067a4cf5809598f777e3b759"
  dependencies:
    options ">=0.0.5"
    ultron "1.0.x"
  optionalDependencies:
    bufferutil "1.2.x"
    utf-8-validate "1.2.x"

wtf-8@1.0.0:
  version "1.0.0"
  resolved "http://registry.npm.taobao.org/wtf-8/download/wtf-8-1.0.0.tgz#392d8ba2d0f1c34d1ee2d630f15d0efb68e1048a"

xmlhttprequest-ssl@1.5.3:
  version "1.5.3"
  resolved "http://registry.npm.taobao.org/xmlhttprequest-ssl/download/xmlhttprequest-ssl-1.5.3.tgz#185a888c04eca46c3e4070d99f7b49de3528992d"

yauzl@=2.6.0:
  version "2.6.0"
  resolved "http://registry.npm.taobao.org/yauzl/download/yauzl-2.6.0.tgz#40894d4587bb125500d05df45471cd5e114a76f9"
  dependencies:
    buffer-crc32 "~0.2.3"
    fd-slicer "~1.0.1"

yeast@0.1.2:
  version "0.1.2"
  resolved "http://registry.npm.taobao.org/yeast/download/yeast-0.1.2.tgz#008e06d8094320c372dbc2f8ed76a0ca6c8ac419"
